Microsoft Visual Studio Solution File, Format Version 12.00
# Visual Studio Version 17
VisualStudioVersion = 17.5.2.0
MinimumVisualStudioVersion = 10.0.40219.1
Project("{FAE04EC0-301F-11D3-BF4B-00C04F79EFBC}") = "MandelSharp", "MandelSharp.csproj", "{AC505118-7A39-8064-F314-B4DBCA1AAE2C}"
EndProject
Global
	GlobalSection(SolutionConfigurationPlatforms) = preSolution
		Debug|Any CPU = Debug|Any CPU
		Release|Any CPU = Release|Any CPU
	EndGlobalSection
	GlobalSection(ProjectConfigurationPlatforms) = postSolution
		{AC505118-7A39-8064-F314-B4DBCA1AAE2C}.Debug|Any CPU.ActiveCfg = Debug|Any CPU
		{AC505118-7A39-8064-F314-B4DBCA1AAE2C}.Debug|Any CPU.Build.0 = Debug|Any CPU
		{AC505118-7A39-8064-F314-B4DBCA1AAE2C}.Release|Any CPU.ActiveCfg = Release|Any CPU
		{AC505118-7A39-8064-F314-B4DBCA1AAE2C}.Release|Any CPU.Build.0 = Release|Any CPU
	EndGlobalSection
	GlobalSection(SolutionProperties) = preSolution
		HideSolutionNode = FALSE
	EndGlobalSection
	GlobalSection(ExtensibilityGlobals) = postSolution
		SolutionGuid = {69382BC9-F63B-4D54-BD6B-B017239EB60A}
	EndGlobalSection
EndGlobal
